
Microsoft Visual Studio Solution File, Format Version 12.00
# Visual Studio Version 16
VisualStudioVersion = 16.0.31911.196
MinimumVisualStudioVersion = 10.0.40219.1
Project("{FAE04EC0-301F-11D3-BF4B-00C04F79EFBC}") = "PABP_Projekat_2", "PABP_Projekat_2\PABP_Projekat_2.csproj", "{5F0331BF-3292-46C4-A22B-0E90ED724D59}"
EndProject
Global
	GlobalSection(SolutionConfigurationPlatforms) = preSolution
		Debug|Any CPU = Debug|Any CPU
		Release|Any CPU = Release|Any CPU
	EndGlobalSection
	GlobalSection(ProjectConfigurationPlatforms) = postSolution
		{5F0331BF-3292-46C4-A22B-0E90ED724D59}.Debug|Any CPU.ActiveCfg = Debug|Any CPU
		{5F0331BF-3292-46C4-A22B-0E90ED724D59}.Debug|Any CPU.Build.0 = Debug|Any CPU
		{5F0331BF-3292-46C4-A22B-0E90ED724D59}.Release|Any CPU.ActiveCfg = Release|Any CPU
		{5F0331BF-3292-46C4-A22B-0E90ED724D59}.Release|Any CPU.Build.0 = Release|Any CPU
	EndGlobalSection
	GlobalSection(SolutionProperties) = preSolution
		HideSolutionNode = FALSE
	EndGlobalSection
	GlobalSection(ExtensibilityGlobals) = postSolution
		SolutionGuid = {CDC1055B-3A18-467C-B281-AA38EEA3B22E}
	EndGlobalSection
EndGlobal
